
Microsoft Visual Studio Solution File, Format Version 12.00
# Visual Studio Version 16
VisualStudioVersion = 16.0.30225.117
MinimumVisualStudioVersion = 10.0.40219.1
Project("{9A19103F-16F7-4668-BE54-9A1E7A4F7556}") = "Logic", "Logic\Logic.csproj", "{94AE52F9-CE41-4014-AE4C-A943E7851704}"
EndProject
Project("{9A19103F-16F7-4668-BE54-9A1E7A4F7556}") = "Database", "Database\Database.csproj", "{CDA0F5DA-3578-48EC-B427-DFA0DFF28532}"
EndProject
Project("{FAE04EC0-301F-11D3-BF4B-00C04F79EFBC}") = "View", "View\View.csproj", "{C13AB900-8343-4B30-8589-0F52C66BF6DB}"
EndProject
Project("{FAE04EC0-301F-11D3-BF4B-00C04F79EFBC}") = "web", "web\web.csproj", "{B03E630C-70CE-4450-BBC5-167D51152B2B}"
EndProject
Global
	GlobalSection(SolutionConfigurationPlatforms) = preSolution
		Debug|Any CPU = Debug|Any CPU
		Release|Any CPU = Release|Any CPU
	EndGlobalSection
	GlobalSection(ProjectConfigurationPlatforms) = postSolution
		{94AE52F9-CE41-4014-AE4C-A943E7851704}.Debug|Any CPU.ActiveCfg = Debug|Any CPU
		{94AE52F9-CE41-4014-AE4C-A943E7851704}.Debug|Any CPU.Build.0 = Debug|Any CPU
		{94AE52F9-CE41-4014-AE4C-A943E7851704}.Release|Any CPU.ActiveCfg = Release|Any CPU
		{94AE52F9-CE41-4014-AE4C-A943E7851704}.Release|Any CPU.Build.0 = Release|Any CPU
		{CDA0F5DA-3578-48EC-B427-DFA0DFF28532}.Debug|Any CPU.ActiveCfg = Debug|Any CPU
		{CDA0F5DA-3578-48EC-B427-DFA0DFF28532}.Debug|Any CPU.Build.0 = Debug|Any CPU
		{CDA0F5DA-3578-48EC-B427-DFA0DFF28532}.Release|Any CPU.ActiveCfg = Release|Any CPU
		{CDA0F5DA-3578-48EC-B427-DFA0DFF28532}.Release|Any CPU.Build.0 = Release|Any CPU
		{C13AB900-8343-4B30-8589-0F52C66BF6DB}.Debug|Any CPU.ActiveCfg = Debug|Any CPU
		{C13AB900-8343-4B30-8589-0F52C66BF6DB}.Debug|Any CPU.Build.0 = Debug|Any CPU
		{C13AB900-8343-4B30-8589-0F52C66BF6DB}.Release|Any CPU.ActiveCfg = Release|Any CPU
		{C13AB900-8343-4B30-8589-0F52C66BF6DB}.Release|Any CPU.Build.0 = Release|Any CPU
		{B03E630C-70CE-4450-BBC5-167D51152B2B}.Debug|Any CPU.ActiveCfg = Debug|Any CPU
		{B03E630C-70CE-4450-BBC5-167D51152B2B}.Debug|Any CPU.Build.0 = Debug|Any CPU
		{B03E630C-70CE-4450-BBC5-167D51152B2B}.Release|Any CPU.ActiveCfg = Release|Any CPU
		{B03E630C-70CE-4450-BBC5-167D51152B2B}.Release|Any CPU.Build.0 = Release|Any CPU
	EndGlobalSection
	GlobalSection(SolutionProperties) = preSolution
		HideSolutionNode = FALSE
	EndGlobalSection
	GlobalSection(ExtensibilityGlobals) = postSolution
		SolutionGuid = {4FB94935-71BB-4B04-B68C-2025EECF453C}
	EndGlobalSection
EndGlobal
